PODS:
  - Alamofire (4.8.2)
  - SnapKit (5.0.1)
  - SwiftLint (0.34.0)
  - Swinject (2.6.2)

DEPENDENCIES:
  - Alamofire
  - SnapKit
  - SwiftLint
  - Swinject

SPEC REPOS:
  https://github.com/cocoapods/specs.git:
    - Alamofire
    - SnapKit
    - SwiftLint
    - Swinject

SPEC CHECKSUMS:
  Alamofire: ae5c501addb7afdbb13687d7f2f722c78734c2d3
  SnapKit: 97b92857e3df3a0c71833cce143274bf6ef8e5eb
  SwiftLint: 79d48a17c6565dc286c37efb8322c7b450f95c67
  Swinject: cf7458774b1b00323080a9c67e47a1ee7f9d2af1

PODFILE CHECKSUM: 987ebb54278939c5a867949b7551d8f2749fcafc

COCOAPODS: 1.7.3
